<?xml version="1.0" encoding="utf-8"?>
<Project ToolsVersion="4.0" xmlns="http://schemas.microsoft.com/developer/msbuild/2003">
  <ItemGroup>
    <Filter Include="header">
      <UniqueIdentifier>{d7398ca8-06a7-4da7-b218-23c527cc07c1}</UniqueIdentifier>
    </Filter>
    <Filter Include="source">
      <UniqueIdentifier>{eb4f0e97-0fc7-4601-8970-d92437c2eb9e}</UniqueIdentifier>
    </Filter>
    <Filter Include="multycore">
      <UniqueIdentifier>{bfe31282-4ce5-4b5b-b4f3-b6d2a24ea412}</UniqueIdentifier>
    </Filter>
  </ItemGroup>
  <ItemGroup>
    <ClInclude Include="base_game_application.h">
      <Filter>header</Filter>
    </ClInclude>
    <ClInclude Include="file.h">
      <Filter>header</Filter>
    </ClInclude>
    <ClInclude Include="ogl_graf_manager.h">
      <Filter>header</Filter>
    </ClInclude>
    <ClInclude Include="platform_resources.h">
      <Filter>header</Filter>
    </ClInclude>
    <ClInclude Include="platform_windows.h">
      <Filter>header</Filter>
    </ClInclude>
    <ClInclude Include="sprite_animation.h">
      <Filter>header</Filter>
    </ClInclude>
    <ClInclude Include="windows_os_utils.h">
      <Filter>header</Filter>
    </ClInclude>
    <ClInclude Include="winmm_sound_manager.h">
      <Filter>header</Filter>
    </ClInclude>
    <ClInclude Include="realtime_process.h">
      <Filter>multycore</Filter>
    </ClInclude>
    <ClInclude Include="critical_section.h">
      <Filter>multycore</Filter>
    </ClInclude>
  </ItemGroup>
  <ItemGroup>
    <ClCompile Include="base_game_application.cpp">
      <Filter>source</Filter>
    </ClCompile>
    <ClCompile Include="file.cpp">
      <Filter>source</Filter>
    </ClCompile>
    <ClCompile Include="ogl_graf_manager.cpp">
      <Filter>source</Filter>
    </ClCompile>
    <ClCompile Include="platform_resources.cpp">
      <Filter>source</Filter>
    </ClCompile>
    <ClCompile Include="platform_windows.cpp">
      <Filter>source</Filter>
    </ClCompile>
    <ClCompile Include="sprite_animation.cpp">
      <Filter>source</Filter>
    </ClCompile>
    <ClCompile Include="windows_os_utils.cpp">
      <Filter>source</Filter>
    </ClCompile>
    <ClCompile Include="winmm_sound_manager.cpp">
      <Filter>source</Filter>
    </ClCompile>
    <ClCompile Include="realtime_process.cpp">
      <Filter>multycore</Filter>
    </ClCompile>
    <ClCompile Include="critical_section.cpp">
      <Filter>multycore</Filter>
    </ClCompile>
  </ItemGroup>
</Project>